
Microsoft Visual Studio Solution File, Format Version 12.00
# Visual Studio 15
VisualStudioVersion = 15.0.26124.0
MinimumVisualStudioVersion = 15.0.26124.0
Project("{2150E333-8FDC-42A3-9474-1A3956D46DE8}") = "LeetCode.No476.NumberComplement", "LeetCode.No476.NumberComplement", "{6F22541E-B9F4-4AB5-9896-F615DF520B43}"
EndProject
Project("{FAE04EC0-301F-11D3-BF4B-00C04F79EFBC}") = "Solution", "LeetCode.No476.NumberComplement\Solution\Solution.csproj", "{2A7B880E-2EA5-4533-A413-33F17DBAC5F5}"
EndProject
Project("{FAE04EC0-301F-11D3-BF4B-00C04F79EFBC}") = "Solution.Test", "LeetCode.No476.NumberComplement\Solution.Test\Solution.Test.csproj", "{B5AA2A98-84CC-458A-8D27-CF6D48DD3B24}"
EndProject
Project("{2150E333-8FDC-42A3-9474-1A3956D46DE8}") = "LeetCode.No500.KeyboardRow", "LeetCode.No500.KeyboardRow", "{459E7394-5496-49C0-B199-AFC1A9FDDCF0}"
EndProject
Project("{FAE04EC0-301F-11D3-BF4B-00C04F79EFBC}") = "Solution", "LeetCode.No500.KeyboardRow\Solution\Solution.csproj", "{6105C014-F12D-4289-B98B-95BA298614C9}"
EndProject
Project("{FAE04EC0-301F-11D3-BF4B-00C04F79EFBC}") = "Solution.Test", "LeetCode.No500.KeyboardRow\Solution.Test\Solution.Test.csproj", "{74DE4659-5FD3-427A-86AA-B209409128AA}"
EndProject
Project("{2150E333-8FDC-42A3-9474-1A3956D46DE8}") = "LeetCode.No40.CombinationSumII", "LeetCode.No40.CombinationSumII", "{6FCB39B7-00BF-420C-A5F9-AA1832994876}"
EndProject
Project("{FAE04EC0-301F-11D3-BF4B-00C04F79EFBC}") = "Solution", "LeetCode.No40.CombinationSumII\Solution\Solution.csproj", "{3B642400-E716-4C7E-95D2-643CCD9EC89C}"
EndProject
Project("{FAE04EC0-301F-11D3-BF4B-00C04F79EFBC}") = "Solution.Test", "LeetCode.No40.CombinationSumII\Solution.Test\Solution.Test.csproj", "{DACE92E5-25B2-4A11-9F07-D4FFD3467AD9}"
EndProject
Project("{2150E333-8FDC-42A3-9474-1A3956D46DE8}") = "LeetCode.No242.ValidAnagram", "LeetCode.No242.ValidAnagram", "{9FBFC412-4D4E-4D24-A1FB-D6C0F93B49E2}"
EndProject
Project("{FAE04EC0-301F-11D3-BF4B-00C04F79EFBC}") = "Solution", "LeetCode.No242.ValidAnagram\Solution\Solution.csproj", "{3A614F7A-68AD-4932-99D6-D3590C565624}"
EndProject
Project("{FAE04EC0-301F-11D3-BF4B-00C04F79EFBC}") = "Solution.Test", "LeetCode.No242.ValidAnagram\Solution.Test\Solution.Test.csproj", "{38DD53FA-ECDF-4129-8B9A-8726D455AE8A}"
EndProject
Project("{2150E333-8FDC-42A3-9474-1A3956D46DE8}") = "LeetCode.No594.LongestHarmoniousSubsequence", "LeetCode.No594.LongestHarmoniousSubsequence", "{32C0EBDC-7057-4E19-BEBF-4A3614E49562}"
EndProject
Project("{FAE04EC0-301F-11D3-BF4B-00C04F79EFBC}") = "Solution", "LeetCode.No594.LongestHarmoniousSubsequence\Solution\Solution.csproj", "{8E8783A8-BDF1-4958-96D5-BCD374693396}"
EndProject
Project("{FAE04EC0-301F-11D3-BF4B-00C04F79EFBC}") = "Solution.Test", "LeetCode.No594.LongestHarmoniousSubsequence\Solution.Test\Solution.Test.csproj", "{DAA540DA-19E5-4B12-BFFE-28CF18FE38C6}"
EndProject
Project("{2150E333-8FDC-42A3-9474-1A3956D46DE8}") = "LeetCode.No404.SumOfLeftLeaves", "LeetCode.No404.SumOfLeftLeaves", "{D39A2C1B-1AC9-47C9-B4E3-FA474AB93A28}"
EndProject
Project("{FAE04EC0-301F-11D3-BF4B-00C04F79EFBC}") = "Solution", "LeetCode.No404.SumOfLeftLeaves\Solution\Solution.csproj", "{CBE564E1-2796-4645-AEAF-FB6ACE899939}"
EndProject
Project("{FAE04EC0-301F-11D3-BF4B-00C04F79EFBC}") = "Solution.Test", "LeetCode.No404.SumOfLeftLeaves\Solution.Test\Solution.Test.csproj", "{96236252-ACFC-41E4-BB78-A1A907ADDF17}"
EndProject
Project("{2150E333-8FDC-42A3-9474-1A3956D46DE8}") = "LeetCode.No24.SwapNodesInPairs", "LeetCode.No24.SwapNodesInPairs", "{F98B8BF7-CA17-47D7-8699-7E1428715399}"
EndProject
Project("{FAE04EC0-301F-11D3-BF4B-00C04F79EFBC}") = "Solution", "LeetCode.No24.SwapNodesInPairs\Solution\Solution.csproj", "{97869BE5-A1FA-4A67-95D6-09BEDCDF7EB4}"
EndProject
Project("{FAE04EC0-301F-11D3-BF4B-00C04F79EFBC}") = "Solution.Test", "LeetCode.No24.SwapNodesInPairs\Solution.Test\Solution.Test.csproj", "{D41ED7C5-9631-4109-A428-76787083AA7C}"
EndProject
Project("{2150E333-8FDC-42A3-9474-1A3956D46DE8}") = "LeetCode.No61.RotateList", "LeetCode.No61.RotateList", "{FA0C2B39-A1FC-497D-B340-57C7B739B1DB}"
EndProject
Project("{FAE04EC0-301F-11D3-BF4B-00C04F79EFBC}") = "Solution", "LeetCode.No61.RotateList\Solution\Solution.csproj", "{8B70A650-10BB-41D0-A7D6-82D312C1C112}"
EndProject
Project("{FAE04EC0-301F-11D3-BF4B-00C04F79EFBC}") = "Solution.Test", "LeetCode.No61.RotateList\Solution.Test\Solution.Test.csproj", "{689FC459-81F0-48D8-BE4D-083536B49EC1}"
EndProject
Global
	GlobalSection(SolutionConfigurationPlatforms) = preSolution
		Debug|Any CPU = Debug|Any CPU
		Debug|x64 = Debug|x64
		Debug|x86 = Debug|x86
		Release|Any CPU = Release|Any CPU
		Release|x64 = Release|x64
		Release|x86 = Release|x86
	EndGlobalSection
	GlobalSection(SolutionProperties) = preSolution
		HideSolutionNode = FALSE
	EndGlobalSection
	GlobalSection(ProjectConfigurationPlatforms) = postSolution
		{2A7B880E-2EA5-4533-A413-33F17DBAC5F5}.Debug|Any CPU.ActiveCfg = Debug|Any CPU
		{2A7B880E-2EA5-4533-A413-33F17DBAC5F5}.Debug|Any CPU.Build.0 = Debug|Any CPU
		{2A7B880E-2EA5-4533-A413-33F17DBAC5F5}.Debug|x64.ActiveCfg = Debug|x64
		{2A7B880E-2EA5-4533-A413-33F17DBAC5F5}.Debug|x64.Build.0 = Debug|x64
		{2A7B880E-2EA5-4533-A413-33F17DBAC5F5}.Debug|x86.ActiveCfg = Debug|x86
		{2A7B880E-2EA5-4533-A413-33F17DBAC5F5}.Debug|x86.Build.0 = Debug|x86
		{2A7B880E-2EA5-4533-A413-33F17DBAC5F5}.Release|Any CPU.ActiveCfg = Release|Any CPU
		{2A7B880E-2EA5-4533-A413-33F17DBAC5F5}.Release|Any CPU.Build.0 = Release|Any CPU
		{2A7B880E-2EA5-4533-A413-33F17DBAC5F5}.Release|x64.ActiveCfg = Release|x64
		{2A7B880E-2EA5-4533-A413-33F17DBAC5F5}.Release|x64.Build.0 = Release|x64
		{2A7B880E-2EA5-4533-A413-33F17DBAC5F5}.Release|x86.ActiveCfg = Release|x86
		{2A7B880E-2EA5-4533-A413-33F17DBAC5F5}.Release|x86.Build.0 = Release|x86
		{B5AA2A98-84CC-458A-8D27-CF6D48DD3B24}.Debug|Any CPU.ActiveCfg = Debug|Any CPU
		{B5AA2A98-84CC-458A-8D27-CF6D48DD3B24}.Debug|Any CPU.Build.0 = Debug|Any CPU
		{B5AA2A98-84CC-458A-8D27-CF6D48DD3B24}.Debug|x64.ActiveCfg = Debug|x64
		{B5AA2A98-84CC-458A-8D27-CF6D48DD3B24}.Debug|x64.Build.0 = Debug|x64
		{B5AA2A98-84CC-458A-8D27-CF6D48DD3B24}.Debug|x86.ActiveCfg = Debug|x86
		{B5AA2A98-84CC-458A-8D27-CF6D48DD3B24}.Debug|x86.Build.0 = Debug|x86
		{B5AA2A98-84CC-458A-8D27-CF6D48DD3B24}.Release|Any CPU.ActiveCfg = Release|Any CPU
		{B5AA2A98-84CC-458A-8D27-CF6D48DD3B24}.Release|Any CPU.Build.0 = Release|Any CPU
		{B5AA2A98-84CC-458A-8D27-CF6D48DD3B24}.Release|x64.ActiveCfg = Release|x64
		{B5AA2A98-84CC-458A-8D27-CF6D48DD3B24}.Release|x64.Build.0 = Release|x64
		{B5AA2A98-84CC-458A-8D27-CF6D48DD3B24}.Release|x86.ActiveCfg = Release|x86
		{B5AA2A98-84CC-458A-8D27-CF6D48DD3B24}.Release|x86.Build.0 = Release|x86
		{6105C014-F12D-4289-B98B-95BA298614C9}.Debug|Any CPU.ActiveCfg = Debug|Any CPU
		{6105C014-F12D-4289-B98B-95BA298614C9}.Debug|Any CPU.Build.0 = Debug|Any CPU
		{6105C014-F12D-4289-B98B-95BA298614C9}.Debug|x64.ActiveCfg = Debug|x64
		{6105C014-F12D-4289-B98B-95BA298614C9}.Debug|x64.Build.0 = Debug|x64
		{6105C014-F12D-4289-B98B-95BA298614C9}.Debug|x86.ActiveCfg = Debug|x86
		{6105C014-F12D-4289-B98B-95BA298614C9}.Debug|x86.Build.0 = Debug|x86
		{6105C014-F12D-4289-B98B-95BA298614C9}.Release|Any CPU.ActiveCfg = Release|Any CPU
		{6105C014-F12D-4289-B98B-95BA298614C9}.Release|Any CPU.Build.0 = Release|Any CPU
		{6105C014-F12D-4289-B98B-95BA298614C9}.Release|x64.ActiveCfg = Release|x64
		{6105C014-F12D-4289-B98B-95BA298614C9}.Release|x64.Build.0 = Release|x64
		{6105C014-F12D-4289-B98B-95BA298614C9}.Release|x86.ActiveCfg = Release|x86
		{6105C014-F12D-4289-B98B-95BA298614C9}.Release|x86.Build.0 = Release|x86
		{74DE4659-5FD3-427A-86AA-B209409128AA}.Debug|Any CPU.ActiveCfg = Debug|Any CPU
		{74DE4659-5FD3-427A-86AA-B209409128AA}.Debug|Any CPU.Build.0 = Debug|Any CPU
		{74DE4659-5FD3-427A-86AA-B209409128AA}.Debug|x64.ActiveCfg = Debug|x64
		{74DE4659-5FD3-427A-86AA-B209409128AA}.Debug|x64.Build.0 = Debug|x64
		{74DE4659-5FD3-427A-86AA-B209409128AA}.Debug|x86.ActiveCfg = Debug|x86
		{74DE4659-5FD3-427A-86AA-B209409128AA}.Debug|x86.Build.0 = Debug|x86
		{74DE4659-5FD3-427A-86AA-B209409128AA}.Release|Any CPU.ActiveCfg = Release|Any CPU
		{74DE4659-5FD3-427A-86AA-B209409128AA}.Release|Any CPU.Build.0 = Release|Any CPU
		{74DE4659-5FD3-427A-86AA-B209409128AA}.Release|x64.ActiveCfg = Release|x64
		{74DE4659-5FD3-427A-86AA-B209409128AA}.Release|x64.Build.0 = Release|x64
		{74DE4659-5FD3-427A-86AA-B209409128AA}.Release|x86.ActiveCfg = Release|x86
		{74DE4659-5FD3-427A-86AA-B209409128AA}.Release|x86.Build.0 = Release|x86
		{3B642400-E716-4C7E-95D2-643CCD9EC89C}.Debug|Any CPU.ActiveCfg = Debug|Any CPU
		{3B642400-E716-4C7E-95D2-643CCD9EC89C}.Debug|Any CPU.Build.0 = Debug|Any CPU
		{3B642400-E716-4C7E-95D2-643CCD9EC89C}.Debug|x64.ActiveCfg = Debug|x64
		{3B642400-E716-4C7E-95D2-643CCD9EC89C}.Debug|x64.Build.0 = Debug|x64
		{3B642400-E716-4C7E-95D2-643CCD9EC89C}.Debug|x86.ActiveCfg = Debug|x86
		{3B642400-E716-4C7E-95D2-643CCD9EC89C}.Debug|x86.Build.0 = Debug|x86
		{3B642400-E716-4C7E-95D2-643CCD9EC89C}.Release|Any CPU.ActiveCfg = Release|Any CPU
		{3B642400-E716-4C7E-95D2-643CCD9EC89C}.Release|Any CPU.Build.0 = Release|Any CPU
		{3B642400-E716-4C7E-95D2-643CCD9EC89C}.Release|x64.ActiveCfg = Release|x64
		{3B642400-E716-4C7E-95D2-643CCD9EC89C}.Release|x64.Build.0 = Release|x64
		{3B642400-E716-4C7E-95D2-643CCD9EC89C}.Release|x86.ActiveCfg = Release|x86
		{3B642400-E716-4C7E-95D2-643CCD9EC89C}.Release|x86.Build.0 = Release|x86
		{DACE92E5-25B2-4A11-9F07-D4FFD3467AD9}.Debug|Any CPU.ActiveCfg = Debug|Any CPU
		{DACE92E5-25B2-4A11-9F07-D4FFD3467AD9}.Debug|Any CPU.Build.0 = Debug|Any CPU
		{DACE92E5-25B2-4A11-9F07-D4FFD3467AD9}.Debug|x64.ActiveCfg = Debug|x64
		{DACE92E5-25B2-4A11-9F07-D4FFD3467AD9}.Debug|x64.Build.0 = Debug|x64
		{DACE92E5-25B2-4A11-9F07-D4FFD3467AD9}.Debug|x86.ActiveCfg = Debug|x86
		{DACE92E5-25B2-4A11-9F07-D4FFD3467AD9}.Debug|x86.Build.0 = Debug|x86
		{DACE92E5-25B2-4A11-9F07-D4FFD3467AD9}.Release|Any CPU.ActiveCfg = Release|Any CPU
		{DACE92E5-25B2-4A11-9F07-D4FFD3467AD9}.Release|Any CPU.Build.0 = Release|Any CPU
		{DACE92E5-25B2-4A11-9F07-D4FFD3467AD9}.Release|x64.ActiveCfg = Release|x64
		{DACE92E5-25B2-4A11-9F07-D4FFD3467AD9}.Release|x64.Build.0 = Release|x64
		{DACE92E5-25B2-4A11-9F07-D4FFD3467AD9}.Release|x86.ActiveCfg = Release|x86
		{DACE92E5-25B2-4A11-9F07-D4FFD3467AD9}.Release|x86.Build.0 = Release|x86
		{3A614F7A-68AD-4932-99D6-D3590C565624}.Debug|Any CPU.ActiveCfg = Debug|Any CPU
		{3A614F7A-68AD-4932-99D6-D3590C565624}.Debug|Any CPU.Build.0 = Debug|Any CPU
		{3A614F7A-68AD-4932-99D6-D3590C565624}.Debug|x64.ActiveCfg = Debug|x64
		{3A614F7A-68AD-4932-99D6-D3590C565624}.Debug|x64.Build.0 = Debug|x64
		{3A614F7A-68AD-4932-99D6-D3590C565624}.Debug|x86.ActiveCfg = Debug|x86
		{3A614F7A-68AD-4932-99D6-D3590C565624}.Debug|x86.Build.0 = Debug|x86
		{3A614F7A-68AD-4932-99D6-D3590C565624}.Release|Any CPU.ActiveCfg = Release|Any CPU
		{3A614F7A-68AD-4932-99D6-D3590C565624}.Release|Any CPU.Build.0 = Release|Any CPU
		{3A614F7A-68AD-4932-99D6-D3590C565624}.Release|x64.ActiveCfg = Release|x64
		{3A614F7A-68AD-4932-99D6-D3590C565624}.Release|x64.Build.0 = Release|x64
		{3A614F7A-68AD-4932-99D6-D3590C565624}.Release|x86.ActiveCfg = Release|x86
		{3A614F7A-68AD-4932-99D6-D3590C565624}.Release|x86.Build.0 = Release|x86
		{38DD53FA-ECDF-4129-8B9A-8726D455AE8A}.Debug|Any CPU.ActiveCfg = Debug|Any CPU
		{38DD53FA-ECDF-4129-8B9A-8726D455AE8A}.Debug|Any CPU.Build.0 = Debug|Any CPU
		{38DD53FA-ECDF-4129-8B9A-8726D455AE8A}.Debug|x64.ActiveCfg = Debug|x64
		{38DD53FA-ECDF-4129-8B9A-8726D455AE8A}.Debug|x64.Build.0 = Debug|x64
		{38DD53FA-ECDF-4129-8B9A-8726D455AE8A}.Debug|x86.ActiveCfg = Debug|x86
		{38DD53FA-ECDF-4129-8B9A-8726D455AE8A}.Debug|x86.Build.0 = Debug|x86
		{38DD53FA-ECDF-4129-8B9A-8726D455AE8A}.Release|Any CPU.ActiveCfg = Release|Any CPU
		{38DD53FA-ECDF-4129-8B9A-8726D455AE8A}.Release|Any CPU.Build.0 = Release|Any CPU
		{38DD53FA-ECDF-4129-8B9A-8726D455AE8A}.Release|x64.ActiveCfg = Release|x64
		{38DD53FA-ECDF-4129-8B9A-8726D455AE8A}.Release|x64.Build.0 = Release|x64
		{38DD53FA-ECDF-4129-8B9A-8726D455AE8A}.Release|x86.ActiveCfg = Release|x86
		{38DD53FA-ECDF-4129-8B9A-8726D455AE8A}.Release|x86.Build.0 = Release|x86
		{8E8783A8-BDF1-4958-96D5-BCD374693396}.Debug|Any CPU.ActiveCfg = Debug|Any CPU
		{8E8783A8-BDF1-4958-96D5-BCD374693396}.Debug|Any CPU.Build.0 = Debug|Any CPU
		{8E8783A8-BDF1-4958-96D5-BCD374693396}.Debug|x64.ActiveCfg = Debug|x64
		{8E8783A8-BDF1-4958-96D5-BCD374693396}.Debug|x64.Build.0 = Debug|x64
		{8E8783A8-BDF1-4958-96D5-BCD374693396}.Debug|x86.ActiveCfg = Debug|x86
		{8E8783A8-BDF1-4958-96D5-BCD374693396}.Debug|x86.Build.0 = Debug|x86
		{8E8783A8-BDF1-4958-96D5-BCD374693396}.Release|Any CPU.ActiveCfg = Release|Any CPU
		{8E8783A8-BDF1-4958-96D5-BCD374693396}.Release|Any CPU.Build.0 = Release|Any CPU
		{8E8783A8-BDF1-4958-96D5-BCD374693396}.Release|x64.ActiveCfg = Release|x64
		{8E8783A8-BDF1-4958-96D5-BCD374693396}.Release|x64.Build.0 = Release|x64
		{8E8783A8-BDF1-4958-96D5-BCD374693396}.Release|x86.ActiveCfg = Release|x86
		{8E8783A8-BDF1-4958-96D5-BCD374693396}.Release|x86.Build.0 = Release|x86
		{DAA540DA-19E5-4B12-BFFE-28CF18FE38C6}.Debug|Any CPU.ActiveCfg = Debug|Any CPU
		{DAA540DA-19E5-4B12-BFFE-28CF18FE38C6}.Debug|Any CPU.Build.0 = Debug|Any CPU
		{DAA540DA-19E5-4B12-BFFE-28CF18FE38C6}.Debug|x64.ActiveCfg = Debug|x64
		{DAA540DA-19E5-4B12-BFFE-28CF18FE38C6}.Debug|x64.Build.0 = Debug|x64
		{DAA540DA-19E5-4B12-BFFE-28CF18FE38C6}.Debug|x86.ActiveCfg = Debug|x86
		{DAA540DA-19E5-4B12-BFFE-28CF18FE38C6}.Debug|x86.Build.0 = Debug|x86
		{DAA540DA-19E5-4B12-BFFE-28CF18FE38C6}.Release|Any CPU.ActiveCfg = Release|Any CPU
		{DAA540DA-19E5-4B12-BFFE-28CF18FE38C6}.Release|Any CPU.Build.0 = Release|Any CPU
		{DAA540DA-19E5-4B12-BFFE-28CF18FE38C6}.Release|x64.ActiveCfg = Release|x64
		{DAA540DA-19E5-4B12-BFFE-28CF18FE38C6}.Release|x64.Build.0 = Release|x64
		{DAA540DA-19E5-4B12-BFFE-28CF18FE38C6}.Release|x86.ActiveCfg = Release|x86
		{DAA540DA-19E5-4B12-BFFE-28CF18FE38C6}.Release|x86.Build.0 = Release|x86
		{CBE564E1-2796-4645-AEAF-FB6ACE899939}.Debug|Any CPU.ActiveCfg = Debug|Any CPU
		{CBE564E1-2796-4645-AEAF-FB6ACE899939}.Debug|Any CPU.Build.0 = Debug|Any CPU
		{CBE564E1-2796-4645-AEAF-FB6ACE899939}.Debug|x64.ActiveCfg = Debug|x64
		{CBE564E1-2796-4645-AEAF-FB6ACE899939}.Debug|x64.Build.0 = Debug|x64
		{CBE564E1-2796-4645-AEAF-FB6ACE899939}.Debug|x86.ActiveCfg = Debug|x86
		{CBE564E1-2796-4645-AEAF-FB6ACE899939}.Debug|x86.Build.0 = Debug|x86
		{CBE564E1-2796-4645-AEAF-FB6ACE899939}.Release|Any CPU.ActiveCfg = Release|Any CPU
		{CBE564E1-2796-4645-AEAF-FB6ACE899939}.Release|Any CPU.Build.0 = Release|Any CPU
		{CBE564E1-2796-4645-AEAF-FB6ACE899939}.Release|x64.ActiveCfg = Release|x64
		{CBE564E1-2796-4645-AEAF-FB6ACE899939}.Release|x64.Build.0 = Release|x64
		{CBE564E1-2796-4645-AEAF-FB6ACE899939}.Release|x86.ActiveCfg = Release|x86
		{CBE564E1-2796-4645-AEAF-FB6ACE899939}.Release|x86.Build.0 = Release|x86
		{96236252-ACFC-41E4-BB78-A1A907ADDF17}.Debug|Any CPU.ActiveCfg = Debug|Any CPU
		{96236252-ACFC-41E4-BB78-A1A907ADDF17}.Debug|Any CPU.Build.0 = Debug|Any CPU
		{96236252-ACFC-41E4-BB78-A1A907ADDF17}.Debug|x64.ActiveCfg = Debug|x64
		{96236252-ACFC-41E4-BB78-A1A907ADDF17}.Debug|x64.Build.0 = Debug|x64
		{96236252-ACFC-41E4-BB78-A1A907ADDF17}.Debug|x86.ActiveCfg = Debug|x86
		{96236252-ACFC-41E4-BB78-A1A907ADDF17}.Debug|x86.Build.0 = Debug|x86
		{96236252-ACFC-41E4-BB78-A1A907ADDF17}.Release|Any CPU.ActiveCfg = Release|Any CPU
		{96236252-ACFC-41E4-BB78-A1A907ADDF17}.Release|Any CPU.Build.0 = Release|Any CPU
		{96236252-ACFC-41E4-BB78-A1A907ADDF17}.Release|x64.ActiveCfg = Release|x64
		{96236252-ACFC-41E4-BB78-A1A907ADDF17}.Release|x64.Build.0 = Release|x64
		{96236252-ACFC-41E4-BB78-A1A907ADDF17}.Release|x86.ActiveCfg = Release|x86
		{96236252-ACFC-41E4-BB78-A1A907ADDF17}.Release|x86.Build.0 = Release|x86
		{97869BE5-A1FA-4A67-95D6-09BEDCDF7EB4}.Debug|Any CPU.ActiveCfg = Debug|Any CPU
		{97869BE5-A1FA-4A67-95D6-09BEDCDF7EB4}.Debug|Any CPU.Build.0 = Debug|Any CPU
		{97869BE5-A1FA-4A67-95D6-09BEDCDF7EB4}.Debug|x64.ActiveCfg = Debug|x64
		{97869BE5-A1FA-4A67-95D6-09BEDCDF7EB4}.Debug|x64.Build.0 = Debug|x64
		{97869BE5-A1FA-4A67-95D6-09BEDCDF7EB4}.Debug|x86.ActiveCfg = Debug|x86
		{97869BE5-A1FA-4A67-95D6-09BEDCDF7EB4}.Debug|x86.Build.0 = Debug|x86
		{97869BE5-A1FA-4A67-95D6-09BEDCDF7EB4}.Release|Any CPU.ActiveCfg = Release|Any CPU
		{97869BE5-A1FA-4A67-95D6-09BEDCDF7EB4}.Release|Any CPU.Build.0 = Release|Any CPU
		{97869BE5-A1FA-4A67-95D6-09BEDCDF7EB4}.Release|x64.ActiveCfg = Release|x64
		{97869BE5-A1FA-4A67-95D6-09BEDCDF7EB4}.Release|x64.Build.0 = Release|x64
		{97869BE5-A1FA-4A67-95D6-09BEDCDF7EB4}.Release|x86.ActiveCfg = Release|x86
		{97869BE5-A1FA-4A67-95D6-09BEDCDF7EB4}.Release|x86.Build.0 = Release|x86
		{D41ED7C5-9631-4109-A428-76787083AA7C}.Debug|Any CPU.ActiveCfg = Debug|Any CPU
		{D41ED7C5-9631-4109-A428-76787083AA7C}.Debug|Any CPU.Build.0 = Debug|Any CPU
		{D41ED7C5-9631-4109-A428-76787083AA7C}.Debug|x64.ActiveCfg = Debug|x64
		{D41ED7C5-9631-4109-A428-76787083AA7C}.Debug|x64.Build.0 = Debug|x64
		{D41ED7C5-9631-4109-A428-76787083AA7C}.Debug|x86.ActiveCfg = Debug|x86
		{D41ED7C5-9631-4109-A428-76787083AA7C}.Debug|x86.Build.0 = Debug|x86
		{D41ED7C5-9631-4109-A428-76787083AA7C}.Release|Any CPU.ActiveCfg = Release|Any CPU
		{D41ED7C5-9631-4109-A428-76787083AA7C}.Release|Any CPU.Build.0 = Release|Any CPU
		{D41ED7C5-9631-4109-A428-76787083AA7C}.Release|x64.ActiveCfg = Release|x64
		{D41ED7C5-9631-4109-A428-76787083AA7C}.Release|x64.Build.0 = Release|x64
		{D41ED7C5-9631-4109-A428-76787083AA7C}.Release|x86.ActiveCfg = Release|x86
		{D41ED7C5-9631-4109-A428-76787083AA7C}.Release|x86.Build.0 = Release|x86
		{8B70A650-10BB-41D0-A7D6-82D312C1C112}.Debug|Any CPU.ActiveCfg = Debug|Any CPU
		{8B70A650-10BB-41D0-A7D6-82D312C1C112}.Debug|Any CPU.Build.0 = Debug|Any CPU
		{8B70A650-10BB-41D0-A7D6-82D312C1C112}.Debug|x64.ActiveCfg = Debug|x64
		{8B70A650-10BB-41D0-A7D6-82D312C1C112}.Debug|x64.Build.0 = Debug|x64
		{8B70A650-10BB-41D0-A7D6-82D312C1C112}.Debug|x86.ActiveCfg = Debug|x86
		{8B70A650-10BB-41D0-A7D6-82D312C1C112}.Debug|x86.Build.0 = Debug|x86
		{8B70A650-10BB-41D0-A7D6-82D312C1C112}.Release|Any CPU.ActiveCfg = Release|Any CPU
		{8B70A650-10BB-41D0-A7D6-82D312C1C112}.Release|Any CPU.Build.0 = Release|Any CPU
		{8B70A650-10BB-41D0-A7D6-82D312C1C112}.Release|x64.ActiveCfg = Release|x64
		{8B70A650-10BB-41D0-A7D6-82D312C1C112}.Release|x64.Build.0 = Release|x64
		{8B70A650-10BB-41D0-A7D6-82D312C1C112}.Release|x86.ActiveCfg = Release|x86
		{8B70A650-10BB-41D0-A7D6-82D312C1C112}.Release|x86.Build.0 = Release|x86
		{689FC459-81F0-48D8-BE4D-083536B49EC1}.Debug|Any CPU.ActiveCfg = Debug|Any CPU
		{689FC459-81F0-48D8-BE4D-083536B49EC1}.Debug|Any CPU.Build.0 = Debug|Any CPU
		{689FC459-81F0-48D8-BE4D-083536B49EC1}.Debug|x64.ActiveCfg = Debug|x64
		{689FC459-81F0-48D8-BE4D-083536B49EC1}.Debug|x64.Build.0 = Debug|x64
		{689FC459-81F0-48D8-BE4D-083536B49EC1}.Debug|x86.ActiveCfg = Debug|x86
		{689FC459-81F0-48D8-BE4D-083536B49EC1}.Debug|x86.Build.0 = Debug|x86
		{689FC459-81F0-48D8-BE4D-083536B49EC1}.Release|Any CPU.ActiveCfg = Release|Any CPU
		{689FC459-81F0-48D8-BE4D-083536B49EC1}.Release|Any CPU.Build.0 = Release|Any CPU
		{689FC459-81F0-48D8-BE4D-083536B49EC1}.Release|x64.ActiveCfg = Release|x64
		{689FC459-81F0-48D8-BE4D-083536B49EC1}.Release|x64.Build.0 = Release|x64
		{689FC459-81F0-48D8-BE4D-083536B49EC1}.Release|x86.ActiveCfg = Release|x86
		{689FC459-81F0-48D8-BE4D-083536B49EC1}.Release|x86.Build.0 = Release|x86
	EndGlobalSection
	GlobalSection(NestedProjects) = preSolution
		{2A7B880E-2EA5-4533-A413-33F17DBAC5F5} = {6F22541E-B9F4-4AB5-9896-F615DF520B43}
		{B5AA2A98-84CC-458A-8D27-CF6D48DD3B24} = {6F22541E-B9F4-4AB5-9896-F615DF520B43}
		{6105C014-F12D-4289-B98B-95BA298614C9} = {459E7394-5496-49C0-B199-AFC1A9FDDCF0}
		{74DE4659-5FD3-427A-86AA-B209409128AA} = {459E7394-5496-49C0-B199-AFC1A9FDDCF0}
		{3B642400-E716-4C7E-95D2-643CCD9EC89C} = {6FCB39B7-00BF-420C-A5F9-AA1832994876}
		{DACE92E5-25B2-4A11-9F07-D4FFD3467AD9} = {6FCB39B7-00BF-420C-A5F9-AA1832994876}
		{3A614F7A-68AD-4932-99D6-D3590C565624} = {9FBFC412-4D4E-4D24-A1FB-D6C0F93B49E2}
		{38DD53FA-ECDF-4129-8B9A-8726D455AE8A} = {9FBFC412-4D4E-4D24-A1FB-D6C0F93B49E2}
		{8E8783A8-BDF1-4958-96D5-BCD374693396} = {32C0EBDC-7057-4E19-BEBF-4A3614E49562}
		{DAA540DA-19E5-4B12-BFFE-28CF18FE38C6} = {32C0EBDC-7057-4E19-BEBF-4A3614E49562}
		{CBE564E1-2796-4645-AEAF-FB6ACE899939} = {D39A2C1B-1AC9-47C9-B4E3-FA474AB93A28}
		{96236252-ACFC-41E4-BB78-A1A907ADDF17} = {D39A2C1B-1AC9-47C9-B4E3-FA474AB93A28}
		{97869BE5-A1FA-4A67-95D6-09BEDCDF7EB4} = {F98B8BF7-CA17-47D7-8699-7E1428715399}
		{D41ED7C5-9631-4109-A428-76787083AA7C} = {F98B8BF7-CA17-47D7-8699-7E1428715399}
		{8B70A650-10BB-41D0-A7D6-82D312C1C112} = {FA0C2B39-A1FC-497D-B340-57C7B739B1DB}
		{689FC459-81F0-48D8-BE4D-083536B49EC1} = {FA0C2B39-A1FC-497D-B340-57C7B739B1DB}
	EndGlobalSection
EndGlobal
